U2FsdGVkX1+y8SKkH3b4eNpMmfzBw0x1wGswmEI7lm+fAMQc4BVJmSb28IR/80IJ
omyN61+2B9eaTIKCDu0T+Vo1Vgl1bcaAFudK3+NgQ41mGuycAd/KdQTrm9xZXq0c
BeGtJ9GqGXBLmdNUXuHXNJPsprNBFmupvNZ8g5V5W3fu4xfMKMlph3F4WRN3WWj5
1yWlu+4G89lxTTT+uURNrIxNWdB9rNWTSb+3kJxHDwp8V9lGBuQDk0KNgkARo5t1
mefLDvvcUehnAagQX0lmu0bxD2fxbHCXcyLzt91ljXgLnAOODTD3jMuwP3gcUwr5
WaQumaKoGfaGPFdwhZ9D9OlhnuzzyiaqmlsDcUvpBpsVvbqNzqMT32N3xzFF2MVa
+ofXb/D8vUYBuGp22/HQxbQ6zr35BtwdaVKG8cJosreEOJpWXXCireOIysJpvxk7
fxkVXlBNEf6BqOjrpeZkCG1gLVsUT74HIWqtVgFdI2igsSng8wdmoTtv7fz2ZG8R
SXlhXvvpfWiu7tyQ6H4uetwBA1kwzuFMGlb7wjp03JoPAbfYrEIwduHT+PPkmrlR
ibW1ZzpdEm9tEBSrF1eob6DzGwFKZ3nE/nUdn4DcjOMSWohyLoJB2pge9AlBw1Y5
280LAfMT4YoRUKuB+h2JyuH38WQ2p1Bcjis/TQP9SzcTlZbz5asjcO0+3wY07qwn
gCN+bg2Dv4y5qjTtmaO1mMGpB3Lx77K7FuQM1UC9Zsv7fo2nrMconyjoGguRVAKW
JPPF8YkNzB5qKTlFseboz1iyz06Xzn432dvWwxvHwL1FVn4ualIfjwxu7POX20jH
iAf9vZ3NycYQiyUpbK2moGBKCMu3EFUCYf8WN8wAT5A3JcQid6Wgg9XWTwpUHUJY
RC8ulGvTMPyBcNQKteCkuRkPbsDnToCYOeioUBy+2m7ZS/SpjGtz9MdVFvCLl4lI
1LQIOn1rkU9sGsEFLmecfgDdNw5OpHGRj997L4/RyD8O+z/PExXVbhWBv762EASW
GETqC4ORMjQacD/T5tFTHGc3oKqw5gedmNr3j4ZERjkKxhX8lQFPB8At7Q03NdGv
iTaRfSTRbwOQZibz7k/HPMoZwpWa8YkaMd1CHX7yvDZiXcBcMbxzjUBhnLMhZm05
A5gKQirQdKOhRWD+dq8Yk3XK7CMru6xO+aRXcMwWoNNnYF2JHzXWLiwo+IW9nIzH
oHZR8uV9SazkBkInUajqsOEqyf43uPWr5aW/wBPSvw/KUAqcZLtIHAI6doSGxKHx
b3ghCsLwhYYMGYZR4ZGMnvGIcRRwSr+cbNyufXjtYhcxkaw2mjnuZV3eES1J3GIE
fy6ICDYqHWOnNARpRVV+vlMqvZQQdUY4zIrd8ISaBhbtHm1gT4YAzQUVGM6aV060
m75TRSO+epvp9LfKSv8HPc1fBnRmJ+hf7pu9GP1eWRIaLqL5WxsjCQvYdoW6V5DA
Hc7m7b9S78JIoOpo4+43x55ikZ7UBch/AktfiXryXGIc/ScjfQlgJdNv3L535d+A
J5BAYvFCYuaYJaSbtxRl0iNjggLx4+M5BeD/REQIMZuHOloHbq6FIww1LPJC9bCe
HVroMpbG2q9ZVWszU5ADzq6GGwBglP+iXagsQDegAn41y3cUfWLVESKPdyQ4O74D
k33pNydCrn/N4esAE/ecpiQJiRjBeioxg2UBMy/z8BHyHuXKlpajPsbQtFW4NbUo
N/K/9pJRGoHpE4tvVA6hox33JPlZg45t6ZvZze5PR1ysIU1/DmQcfZrlzEVf3j8I
hqQl2icGp9Ot7UytFo3J8WuEvp2Cj/ySYlU45CcH3b8KGeY2+Oychrg+ExbYCbEp
VSn/NFmQlavlbVDu0Dx1yKLOPMsuwR0acqVuTukSrPwAG55+l/ooHU9c4YBKB53X
XSAzdZQZ2ptJ/tDz3fXdYkY/i3T+Qdxr7HWV2DoZAclSsez3OGLekZq5OR9fL024
S0UeJYcfMomwCx5uyDOKmSGgdqV84FJCkO6BORK1E6FL3KupfZRYWPZAmaJHn6ZL
U7lafFIHQmIotQCxCTQKrO73uz/CHJm1IYw3/KFHVQO7fayV3yUJhG7uw4hVICpw
tCoZYqEpWY+yxVySPbOhRJXkHRG9102d1J/h26nm7bJG8csx49TpRkiozLuEUnyw
gmAddQPZjGLhG+YnoG8+msnDPLJjWKHJ/dA3nfVBHNRt0ftH9QlLeGh8znAweNWv
1RvJZSbfO18pcI8LRzWOUKI1I0kFfs1Kp/oz14vrNz/XTa3y7AMcQiJQr0LR9JLV
j5C123IX5N9PU48Fg6aULhodiTG2uK9MOAt2xHKJ/jqEvql2l8SRLsclDDcEBxgQ
AwxthwjGCdRXW8XAiucYIgyN/SA1Yk4miyzjTZ4JtTsrrAXALWo+ti/GGx4wQEmo
zsYkEtaOPl6nR55/VeoQQ6LCo2i9i2k5bYJQ2EAlgsNGS0oe/+jiwXQoSTZuwunj
zMBwrFKqhgRNs0CoiMSNRyT9/DdsLBpZrT7kKw1rPSOoY2qQGVxO5CD5v8V3fTMn
+PdjzvFZaDZzU7XgJ3itnK3TMbMwendwGIapgE2HmxzXJd4L0QXMTnKbsKyUPGMd
8jPAF0CZmVjlzIYrt3uSKrbJcPLkfkTdD/uN1wM4ij+5UEoEvdBmxoqQu9ftd8wM
gQEUH54VPqNWdYRBrG99HihWthz8Vd8EoAnCE4WHKi/PWVrW4Q/fzJlBTeuT1VEx
78phey7paCAe0w7dB2cO6lMl72R5SWna4gqXViOP3JIA4/UJePtLe/J4lGsQR+b9
W5mU+tMF0K6yr1c6Pznc9FMz1b2vjgAs8sL1W+l9knDPXDB4/QyP0wLyZ+367mMV
DWIUOCqYSe/67dctxYl1M7M3T9R+FoND7QireK1lpNHC6lf/ua3WL/LvasMFLi6+
RTFon1IAiDWFPoP7T9+THW9lVw5+dgILH/RvLDAW/UK1UcF+WnZbBdJgHykrL1/J
EY1H97nPr9tedM00le2uqb/KBMNZdsEoHZgtgJfC5nwoSorCJOXZYQolrPvuLsPG
dvdkvzpyxAIkn0b6nCx8KPHLdOZ0lYYes3L9sqxeSMgXlyrCylVCXGdCDuwGdtGP
cI+gjLM68I06WMyOrahlevORgEFVhjzIIKksGbi98yb25MPwChec7IxPg10wiwye
tNCX+bdebG48ZA3sRNBNzBEFxK6377N6NjqAWqQraq6AElo7sc550ti0goHZjLAN
mQtREQxCbpXhQagDvQRtiJAh/PWq1ROWYm3zObKceJhJYkPFqrOPXxSdPEsorLci
/AqhL8MYfEhuv/c2v6OTD9Xt7c/Vod1zNUys2MRysmj4dBKM6IfPX3fWDWmkfq+G
ittXOYu2e0dHqjDl24YCrnOfNNdkIzot+fkIn/I+ApNMY8XuNHY9zGSHBIEOvRd+
KbtI7uvYe/USjJK1ickDz71x1kBUFwfPOpafW7TklEfvLRNMr4wpGq03B+vJ28TM
cPrXY/d97tcG7u4aKY9mpKJfs6vMHPrHHbL/TO2KGF2uoiBEDK5r2bPEB8GEFWis
PR7JlFrMgV45+aw+8xum3l7hiL2gUgFM4+kho8OR7vEsFFDMXO0weZMFoqRo2t6L
MRXBhxCIj8EUxZZuZT9j0+i+FCF/jKQcBNxQboKB2uY1Dr9XYgiaSFcwmky3L3Pz
PgKl17oA8NHqecHreIH/vjj7ymyk13bocCxo3L/42DU4xTcfmD+jOdeV+IULTURP
UfTRbmvBskEpjNCW9B3mnuZjZWrze9H67Je3xUK8uEjjb3e3hVfBHCBqIE31/JO7
ZmEv8phtj9hBiauInk6TCjNRMvQG22AegQvHGUH4MQRB4jPO1IoH8UMzP65rEmzk
pYpi4GXGxNQ6LwkKVoi8gfDgLjF/cH3VGkHiricGkkJEU1y8UWmNd082Q/XQKEPW
eSC1HEb9VOnn4+G+Ub12gShho3l03aNmjOT+mXxRDacBeSEbS4g8vzOFCiDFJ/pg
rhMkLXsdDv0+qiUpMRXXSPOkvWaPm7IiSxcAmouz3UGFOoK/UVDFrVuE3oTZ2dEx
45HO2joA5dv884Gk9lMZ/prGBkwBcu95t+gPIG0mnsHy3eOIQVkkGSFrYICnxhcI
1VFhhusGEXWpLRtTn4fqCfDHNJBuW7Ob24D9aY3ZO/9sLTUCVnGiBUlyPqc76stl
/LhomDZDrST/z/49dLpoKRdRxlVzIysSIjwp7DBdDspSpp65Mhzx/sN2Tasrwvv8
+NCwhf0WKDDKMVHwGujIYyAPPwy4r/BzUXTEL/KYcZYpszuZx0t4eiOF+L9+5uYg
GKzfldX+HAemMeG99W/s2py2yUvky1Dhd+sZ8FYuL5KEzt10RzFakfUkUQQheN73
rnYvwo6362W+xZK14PKq52pBRmRsFLMHQpcKkDVghqXZhsF8QRVNhvL3TGLk9QKm
t2t+2Z3Y1llhJNhsNj1X6AxDFdrLwkjBC7qB2C2tNlwZWLGnWBAbMSEsx6SnSpiW
V0grknoW1ysyIU7pBdxZiLl3EEaUR8R1+KwQzn2vI+moYmGGbMjPreyKcSqdcwcN
3b+edz7ih1hGHarYkF6RJovGTPGJ1QezSBB6LpNixZj+NrZVD1lDWFw287R49pLO
L5OPiZoVFUpZm8oIoaXlPUhSJvUpS9HhGy6BeW0saleWJPi+R5JZPfgmtv4LFK7t
sXBSRRtkJwu+4Qw3DQ2jRt0BzouJRU1jTmu9KKgISvehVgUph2NBZClLTKSVdsH7
eyJjgRj0Ew6BFxVSigFC4JUfSeCefw0dNPsxo9CuIk2M+cFXuu7CZZLHV/nSZZNq
OdFkwK/xJPot70vPJRGlftQAB9DA1BWN6H96sSDEYTnr5VItiZHDv4N0stvB1sVM
EADWvkU7zMSIGT9FO2dEYGSER35Da3AF+hcCcUHtWU8FmzcdvSov+sBiyKmesKT3
dHWKDcNdU0jSJj9X7p81Bw2CNon/rnOa1EiSVWulT6PIYD2X/EXmDOsdkUNs8cJU
+emC9MGp1BG2nm7RsK+dOdoN/co6cdddxu3/o5ivlEH8+kY5nlYGja2fJBdVvjGu
CFpC92Nug74hkGTEfQzULFBTbx7uDjp7Z8Np0DG9FbDUQuajwmAQU/ApDRre/i4i
StnvqAXX8ujQ1nF8glSjVseScFF/FkxFPQabyYDGQe9pl/LGDOpqFuredntkPhtj
kLxtSi8BPV431aQeS7C69EUaUEjC70MxNGfeUj1z7LQgCIxzIyJyHbEfDhO86xSk
zMRnuq380VDweErw938NwU0Mp+X3lmMzA1TIXZ855wcnZqhYK1ege2Xm/mYTjOXq
e5WujAldIyIp2yBiWuqG5i/dJ2it7iXio7hUGmwErVEuAP0cXre64G94fJi0UkUU
wPxi3FiqMmAX/rpURMP5CRpO+1BAyvUijsiyX/ON/RDyaYRHFYBDNelze0NL4rHe
rrxBkMFQgJv5CZbCCkJZhjuW5Yizq5f7lOXJl77RAV0eO9XNkQx86ZghiaeXthFM
cuLKyODpj7VpkFJi2uR9a5ug5fEj69eD1eJai85gCTtNx/H232HyO686AJza1QAv
tPS88X3dZT0Y1nrgmoikc7pMbHUw+N9/cRxQXBJwa+bq3r4YjkoeB9k53rarHLUH
bnY9FWptwRY03+UI1nIjQP03ROPFD8ZS2BJpfpv+mGqdYoiXec3oRR2P1pHj7d/i
RkUy42NUKpqxcOMiULI+RIqtPN3KLBGJVooc62qAKlppj1nykx6k9QkXGdOz7bpW
g/CkM34C3StNmfXW5RKgFcVn6r5BnQ0LH+UISi8KBLO33UEqYu+wiAyBmCf5QHvB
wla5sRKHt67r0yJB7JIs5BVr6uf556Tdz1buBxaBBjIKxCbBT/uBGcVrXWctqXCL
g873OICj1I9tvt2HVcCbq/uPu4hcXmvQFkK3jNHX1nSFIE6fNrLqWYCN3P8vG8d9
hOIuN8zXHCoIaNjt4uNr5xJ9JKiKkMErMnxfjwMECPUHv/tXds4ApGczZCQ6WdBb
ixCT4JR+ieomGoaWw3X0oojmnkQI63fBeMb1wjEKGtHE6tpzDGnYVkuwctuEPwrJ
DldJfN4ggho0x0tvJPjWzK9sWlnmrYqek8e+UOwFlwN+mdR5qs158P19LicYIkwJ
xGUWVobKC0mDMMrUtpkYv6yZeCLxfVkwaFSIsd6lFVZ5EhaaasDCLEJfE19G2x1u
TnvU8a4upsvicXCaANapiaIfiiq2KT6q8bBBq0N2ZExFb99LANvHuDhWF16kSlQc
LdXA86tVzRiAdHuJJkCsqMQ7qvYoA5JZtTED2rc9hH67yWHFa8TpbR1amYQeYkzS
tsAivIpPFLlKbc01lRUYA/hlJo2UERH5JNHR9nao7hCUmBKL4m6ZdY/VtNWFWrPB
UqJeN4urnDtE4eHWff/G491Q48gj7KBy9VTO8RT0oPYcNcJrg9pLBV8J9rwLxD4g
NOHORvsKa88zTl0d2sHf9fPDb1IAGbAXwzfB91pW5dHJlXsTfIUdCjc8OV+OyDpg
l3pOpaX03UpPBSJSOIs2ZHU3t+Ygwfv/gICea4VGWx9hjhgn39hbJKNySsfIQP6u
ceNJ8RUgffqYxf4AkW/In3YkzK50q5ci4fLqhZhHh3aWgvylX2i3E/PHKgpWJMHT
fOArgQEipWq8PUZvTnlYjB8mEHwlDsUEzY4PP7XfokpuLcea8p49zbntEZ8BfPpS
QJBeLZ3xMMV1CuQYkIqI3wQsOMyYKDIVd/HK4ov9nw9ABdh530d93ZY2gu3LgNNy
A4qehoyc0b4TSw57sueRadSPKgcx9OelzbjvWHS5dIXOwVfaLSYHIP8yEAME/tlf
JbNwwsh9rBFaqx/qxOG79um+KeIrN8+rorKe2k2xU8mb/3gS8+lZ0Z5HTIP0rqzs
M8gprUZb7FabRQ0Hzu0ji0NiEUEs/PA+OH4eqEYZ+3EDdnvLbjNANWBGcbGivPwn
y+sztAPM1zVndOC5lPdDBiHM5iMTCJACrq21MjOk9YGwRfZmCbEHgeIDgvxIt6j9
8DZtoffASgonrw+Eaw0RicuZP2e7nsf3ssxfKNM3ACxUWAnYEAmx4xe8CLO5omYn
kzcMKupi32sGfpjoN166+whKnbFHb3h4kvZH4sPp+IpeKLiWYLaTCxzfAwDY/NAk
xl/37HR+Sbfe8JRg0HjopoPWk0+toKQxRKKNjQZG1Sei+QZx6kk07U5puLp3jbvp
u9nuYm1wWwcxRDV/LPvAHa/rL6r3ySayVlighTGipxOHETJa7yh5Ee/cogI3zeiv
HJu1823dIJF2B7PwN/29ugg/ctVF4sMJzLmlyN6KVLOc5ANJLuDlW5KYQ0vGt89c
bl8MVpwPry0R9g7XNz4qzP476m27yTiHAOKr3JDJ5rLRYffx83B4n4GihmDm6yYt
4VTns9H2pYm7RmL87MuJRgyGL5g9+W1CLLQ4Hjc6AxKFMM4K+PN9d/GhlaNb1JV/
C/6EO1DCQS9BBtP+oeE6Wc4if2XRRKdSkv5uxqCUg2nRjTdxiDhx4OZ3Pj6ntJg9
3d2YTBlCUpc/7uljROlQywVRi0ZtKRZShz6mBdm3e5UG/Rl/MWwluEYLAvlBE1VV
mtPl5sPFLbDQil0sUUKnzCZtOr9a7x8Mg/pVqAIXWmWRCEQmLDoNcBb6wNTfPYbN
5woJqGfo7Zr60cY0I1dJgIGpUvxXWdatNKNkUdX/pcqaPLWgAvhEc/D4jF2CA42I
Wk8helEFfhnrkCZKw8Fp3LkAqNSTqw2wV1eo5rcXCWAqV/g5MNUhXwqGuDhWuPZ/
21EOdDZLJgb3RDn+KP2NK36OaKbmOiEV3RPtuzN8yEO+StiHixu1Cc5Ks1NHB24n
Umt0ZWBmuEiWNW0KBHsQXR6fM4/6tDVDGhS6KmUbocCcOccjIvZsqFF6VDECF7h3
DyYLVqqFYt8ZL7MeaMU98aCJruGKOzfY5b6YuoS/p4F2k5O47IaemDxkJxMzzFuW
3n9m/neg6nA6bmudVzzzC+A2XGIKi+E/x3EDelcKPmB8UIhsnnvyMtYWwSSPZH2L
97l4MG6lT23iguLhdA4f+E6RMThKb2z2y3OAXASLAL4rqSgpXWgsbx/Hr8uUzZxJ
NlXQ8u2LNmz12gfN8XZoN++Jp9C6FJ2tzgtTT8xgGLufw33egx9cE5zYXjqOuh0s
H3rUDSKGYaGdH6rzMlF7z+a4hhuvzJxL4rFHoywd1utQiXM+VL/fzCgMaAJi6r6U
hNDKKX8Pl9Xq7Z9opoF57XRt88M5ZNwZ11taURlLUAEXrsqJhAoZg+hZKdmnyq/C
LYT9G/gip84XQ8HXu5t2oDGKNZ4BayGKKXT2h3Q3LOuqQPrXpbDwPEq/N0rT07As
vUcv4vv56bwC117rlgYE3SE3DMUIt7qqHx644Si2Fw/xceqMJQNJznhbF0Wf6hLO
8EctXUrATMUdha4ErOCL/fhTSZ/5OrvwC6v/p7BifT2ZF01CwHCtLPmfjNas/aVt
Drf7RU8P3QBugGfyHxeaDkvMtxDxsLT6Wff6N2mKg6BNaCP8Tw7jcN0zsO8ZqDWG
2E0y1BW4LYF3TgeB9tw6qnFdEbbWg95N3mnEWou/Vb/ir7jpQ8jmkQcyrQyrOo4D
F3nbpHb2ZryC5ngsudJxZDz/+PdJQQFGErFUjnFl0xCr7DNP2gBUr20wd0TEO7QO
Uq8rOsrLNDZxXVa2ou5iQjLhZj8qywwMC9aQt+C5OU2F79CRgrBgJtDy7ZIGQh0N
c0aJMDdlPqnbBCyflsMkAu4te4iw/cp6HEsynIw/8AVjvdtXmMUg/+4oXekDxCLf
Ge5Epcv+LQN3RzeUyznINptwuXbEAurX7J8gVzVKl2K8b0e9mMWlkX0dZIFKPg44
d89cF9Z6hJoosu3WS9E/Jb295jL2OSda0ZQ28pFQoZ7YiRuCzAoaGEtaoN4skks7
zFFwAidrHWn3mHy65WHpM+qiMHS+psVmIzZ2vJz1kNO0WLo8xKQ9uNO+7XR4Hs1o
BC0DVtq2WNDV4lCW8e+PBGNYX1MJrCF+cIBnhULVs53LiJd58+j06KRKuJEKAiNe
NsMTmi4mziVr/khXizE3rbEEW4qpzwr/8dnSXqwPIfpyYU3cBTfyIi+LMFtjOham
Bu1boDh/BPyuUFU2RcNZxuW4P4P0Ks+EGZrrYUmATvzVtJCI5SD4YU+LgbvkGJxR
nU7XVv/vHCTsHHCQx3wj5t2sZXhvAnAXS66t02kVib+9HhoQfOVcGIm8qEbiuN4O
7kr6zoMaxdNEHrjCaS76E76Yoj4+RSmYxu54+K1QfT1zBVfilMCYe7niwAapF6Pa
5LQy9M3BE8V8FgZ5rXPxKWJq636ERX+Y53jJql2JlQP2afByBsWizf4MXpCkJVws
LF+U1HqIBb96VJW4KwDQXnyK8erx+VIPxrxyHqOapjMrrsNJTWBFOxpFlWeGAow6
hrg62reVMBbhb7AZ4UE5hoTh1wZirwJku6dbe31teg0NB3gUqLBZheN0pP+Y07S3
ZiH5TJmey/ykA8LaNoC5rHa20wPLkhMbyEWWt3/w0ak9bdRDdHcckDxOlMt7gPZI
Yk45dbMK8pq+HIreHt5rFewAZ7cboaM6nVzbLmVrOBiYzhfwtvM5XfDgGv6IN2YU
zhR1z3C8+8yvUuso4wnlBrQ34vlQn2zXNzR9nZUJYCF74IRDnJjFdttTMYK+6xiA
vuKLpbJZh7cvkJBx5JCNKLSsALZ/yh1x5LrNMefn7YEdqIm9vHafU1SKoY0uDWbI
gEmmbigOnv6zOMVdcvqapORB4VzPOjNsQsMTp7j6ExNubAOx/1Zdo6t0FnptCORA
dRf/mKdl4In3Jj26x8j7Z8faK8NNE689NkWATRNUzmohkjeQuGBqUtytDrNImz4T
q77t831agI1+u7RUI6FKXRSUXTHUzRR6BL6K5Mt2HpgWkoEAVeOzHttluD96C8XQ
DbHTj+5gfLgk+7mtrB43b9Rl1Ne3a84lQpPhp4QOenxp3fZ+ppEDLPza7B9HfLnB
57Bmc0FQ7JH/WCgdvkHI0trxfaxDybxe+YFWsQGULH21VC/8TUbODeLwJVXk4aXv
/3vrRobKMI8sAVY8lkhH1UzLl6QYTll2wlDX9wZBggET4kxqsvtN4WqUrab9wP5a
2w8qkqk3XYJmY4ikoG0Kg3nYV690AgT7c0u/aRqa6IXpWpbKYYF62hLje9glxIK1
c3EMt5HNZag29O/r0m5rybVN0lB5H97fVKzG4FuTA6ZSWdsiuqNuhL2I728gAvAf
aMbpicWYlFP42FHBlDloM9sGBT8PlShAmugxhYerqglo3ShaLbE0EH3QC+wULVyK
542B9OJPxuyBmzfyaloCgd86XNCgsVqtc7taJQw4MjvDsSHUFXOWuRpqFKNHpveJ
z3EuOJ9WR+9LZoOqCLikKTwJ6NzaX/QkbS1TVLWdz2GQ7ei5sfvKD7ZNYTBB5+rH
Urv1xSilhW6yhfSKw9eGaE4S7kyr3VTMq1lVwdUr0rLZ+IbglqEWh5V6C56RA/gU
NRlEwLshGUR1aHsB8LY5bHDHwwt9CmON09fFUFRoajYFY5V6PGGCkpPH9VgjZ/7y
5Mh0isKRJ9Ch4eFsooknzKIcn9mujB+SwOdEV6L3mYZU7ZK4VhMNnpftVGZn6/yP
LuHH+Ij7XJQKy0/tWNN/YKGedO9HKfekG+PYEZ8RjqZPF9AEdw8hp3l2IKyRExaA
P4xMhId13w3n8L6gADvi/dN06MIQAo5/1JkXdj8LlOlNqiDq0n0D90P1utRCB5IP
LG4vObtsh4Tm+MJIkXLJLbs45a1XVsE7mo+qzT5ButURszzgppGu0YPVZ6sGNevL
G76nPGUEg4Zi8tEZbCZLwMBfSsE8p4dJqIsLBzU6wx3oNToPefePAHOoOxhBeqrG
CXslFLhlmkw1MdKWwtMv4O5xme6Fmvo245I56xU6dtoI045GYCdvrbYgHu8oBwMn
DN3zVheb8Xz9p4gp1dzNdXL9KlHKRNqP1/5vGQ2APi7jyLgrJUVfAIKcMC4TQ2yC
eQ+3asEus129FRMoRjU4mYYXwIOdJ+PZQ7cTIek7AJCZosJN8VVakewPnB891cxF
A22boYHWjjRcbb4QH9KVzHdmfS47zSr5YGTNIHUQRtZWlXMeE7d86xgECaq5dxV/
FQwIlmckxso98wqkNxejW3yuSRsb6QCjtBuxWkzk/5h1tNGlBrfG6o/TtipxzK2v
jg1ZAT57P7mFWMxo2i3mKLVUA6HFm4+WC7d7nvCG4d+j+w5yOdQ5BTe7h+awl3J+
0vVTMOvsa+igZeaNrUWa2gFtSN3LQU8KGTwvGEp6PNA5lxUuhqFmi1mS7SFjSz1c
hMiiOzrvY0O7ElfOEGS/bsFXLZGh4DeoZzMTLEGTicg79x8I+rdZZzdos27sVLrH
zag8AdLqdQlFSY7/JzYq/0QHLEavLAdkWSLKR0BhgszXEb5pwXo/kN60FyAPA5vC
sMwuEI9D4D6jcpokmF/uwEDRtTl+5xV3vQG10iHKNn/wmK9qjgktYYP0KrI+aIQl
py5AKE3nRo615DPY5dD34uCRxwV+4Du0iF3i9aOPOJvLS9dLsZjk/htGUn4hVVQF
FGA2s5/eFa5w+hMAJAJXc0Oiq3sGffYEIzoCHodhOtya4CsA6VtvYhfvtJioiEY1
RPlohYSJ4mV4cXArZ//o8fODYX9UBO0EKczd9ebMgoVSRKN5Nn2qg98x6+vol094
53iYmK3vIdRDtGpqXUVaWKSrSF92l9YoWQ5G9RciT4/6JgCDurg/WYxqFJL+0DEE
nE0BPS0rDkQ1KRHhQ/orpsBLVHb2QjTZuLL/oDO0ZMiws7E0Snki5QJlSJ3EdW5T
5s4nvbrT4AqksLji4MxLiO2OTKTW/1QXWRcz+DBIdk6lNxjKEaWy2REa2SpYxfKy
WzjqY4DRdOqQLgLTlkrme55Lj2QJSTaByv8bN417WT6iKYZfALFX99tvW3FJhE4O
BwpfVX+prxIfTeIOsU0eNxTfzXc9KoiDxk6f9NKEMKmT5fxl73XWZJDzHXXgAf+R
sC7Q068ip18FGJHRgaxQLL+WkSJ4cPkTM+VEXUvqLsNabF8lqLkFWTyt/WR88xLU
Sh1zfYxAeBtELYxDRLzyAs7rkUwD7duNDzONpVekNRQR60mJXptyxwq/cX2q9OVa
LaDYkRah6GltllSffuNCfw8rUoGgGWNH9LcFVY2ntN6G9QpaaDVeJ3sBy5aVPvAp
D5u3znFFIuiaI3/o9iwbTiZjgq+a4WzB/GhAfD6b35QSHYcQ4vyGMYeynv9Srwp7
e6iMVBM66zPm+QHSu3LNRUMaCh0DFWCU+BSqL6ldRnLsUG6z/QyWeKyE0t+3AFph
WwcD3al5zRUGSpcgYD51JZQDJn75BkR8OAcKuUtvbKVVYBiT3h2gnGJbNtSivNEL
RqEiMcSZd5hoVaMKuXhRTAmRSyvp9nqB5B/ThDTaiS2Cawxs74R2dHEu6EU3nect
XFRvh4zU1AeofZZnQgaYzlgi7TPqA/U9IuyO4XRdIt/K+A8WHc2/XhiodV2dZnfK
bZl9w+2Y7u5CXa+m6Po7nX8LctaKUx4vZMd1417vbIVyF+5auO8i3EUJ8ohvQtS7
M+q2R85gitQc/CIyVt57qtQBS3d6yD1cUv5TRrVzOtyGxRhaIon0qxDdgLe/eqFW
0re8CI0n8iY08AyQUbNPlwyIetCOlW0ojAPaj0tw91zFNVYkStY0Ohvnm78erw7J
FI6QeVY0NjBwZ6OCnzfi0KuQelGiMI0ZMRP+pWqNrWSHE5RTVtRloHbCYJLd+DFA
OrTJQo0X1XD4QH/70yjXPn3eYk3pqSq3AJCW/go1llSa/TX0TnaLowL2ATk6wvhL
/3lMuHnsHLRffgaPiwfpwylplUpCcL0t6H8HWlezvibFy5qLKRFUiENn16cahbKr
6tbW3XhTSvsmaHswfvnRHAWFmG7dBvZz1N8cv5DDzmszgsY1+BrTPcHSjrEDDUrh
MmvI9bRm6/G0OEXGLQH300ZiGeZwJdJfN+trRv1hsx+EB+Wvpdg6/Xn86mX/rde8
IrNGBrvYF9JKdif22nBeFF4MEDNtPwLq42vyrA5CgHdw1XLqAiMUIHtHOO8xFfrd
u7a7lvYy9ZY9/nmPvoTGGL/8U4/Uw0s4DqQ5eXbLWrX+kL8Ivwa67ToF7o/Qerh+
VJjgPxTg1UGKjouPs103yWtVuKBYO8Xubj/2AK7DTx+ieJRntsX8G0fbJCZjv/Yk
PZF85VPIozTeRKLy5SWHkMiBA+mXvecWiAH4akiXbtiI169fX5VsqNsNVrvQFn6T
gQ9b/UvB9hU1/yZPZXFlOsheG4r/0ru88w2Py2Ph5mqmEshYKGBLk/CZ8Dd939ib
A16T6wR/64zOqoiZWRdQ2vCYiTu+PFe3e5BXIdzM/3Rv8+YWMOSj1lSnL9drCpcl
HYZuYyyvfEkPsgEwdf1hmfv4GhwvIwr1q6nvXRHnIugGmoZd1IGhF+LvJqH0IVEv
FyjNXPZWB+N5aoGycrMQkduD7q+zbM19TOIB15MiXGH0W0VkP6MW/7Cw2cknT5ex
/DFBVKzLCWtAYLYKKfuqKCaTEzQteh00R+JRBHEyR++Aaa9AvlxeMZKrTxGiwklb
v0WGeHGqld3OJkJNnH4xfW3L/+iotV/DeO9GHNMDTYO6/05/Q2h2NrbnYS7C3tGX
0qQMWKGJiTQHV0HfdyYRmp9xATy+D/EeURJABbTrjwJRkoCGV5Bc9neQ7y4Kjv+G
edh/NONSqJw/smG8mvvy0poOSI60kCMZ4MPdgZTco3EYc0gKKJ74U7I5vHuk896A
O1r/liTny4toe5YVosBpCpRaDtiBGmXup5Z6eJ87Z7A8yxhTTtgrjyVO3UGQDrHc
hM84JsPgtn2YCDevxMMctobzPADv4MWfxlVwtaTQjOcBqfSzOv7UMgnrRbQ2Jb/Z
oFhpZG90r2hoEuzHyda/BNXHKq+xG6uUDRsFqw/JRqy0IVPuIbd+S+Y+VmbWZ2f1
xXyIez33S2ntpsHPNK7ORqCIY3RV5TK1yBZ1vV/Oo73I+aHoPqvTDA0Ry2iLnFzr
Lhp/QR95edvZGnhM5w4l8VDpf5RwwrhmRIlhGvCKjHE/Mt9LupY02vmCTVDOAqsb
BJel7ptIue4Kj7qsPNywbFjvY3rPdvrX41ojfkbfUUtT+QLPRjM/kql7ZEkHaHaF
JE3+GWW5zh6/RJEEGK1AFoO151MtKMvMT2h5UnNAN17Wv3UoLo6f+X+Pvd0fiFBD
4A0Oxl5zJNz1tQYxvZBrNkK1JTtNhLnhNesnP31pLI0rYSPMSUXEvFiyCiE3H9lm
pcmPvp+OcnUB1uhDgqIWQDTBBihEIYV3JxeLlAsSvorCOKiGgovA1iN8xqLjHOQZ
0P1Qtqp+6Lro9XXkgkMzb+GUoyDBIkMRdTCovkIwLxtehiIg4J9LkxX2VsrcP0E5
njjpMX/tc9rU5dpuLTvLp8ffclEWmci3Bn4svmY4iv0s9hoUHJocEueyS1ag6KbK
RtFJHs45G85RbfRXrDYTuh3ZtQyZ0kb9v9tMky/1bkNw/sUzSoxCMPwzriKozZG3
6e6GhIaA6zwN9r2ccrvWGV5caVZY3R+1euOS/Vr8aSlojWqEjB1yGFVal9LLvaVi
gPSDwwr3NwYvarrhma4+WHliQAX1bFSWM4Zj88Pbd4LGvQnztFDU9hUgNRBcp53W
X3JAbGB9PRcrNzc0tG5roqqX/Tv8OqvNP88VBvTV3bGIGDJuj2J6Mbkypuyh6vxa
Vi36KB6/ojs6ztPtuSU+T7hXQxCvzfWphHHqi8217AfU18XaoFze6q4AubVFIf3x
Q4Lsu5q9Gwhzew5Y7SkmZ6bp8eEmGx1WMSwH16LFDVhXQlWJB7FJzKriy7CGBatD
XKIDNRdObW4epNiQiIdkrbSJQsjSWJEpBmfGQg6zdLAYaV0vTFN7SsAS0ugbqHVD
Ag+39OhkBgrM7RxDyHXALNs7fm8Ss8Ta7zXpoW3L/Lm+M3li7wQdQF2ENVNMwClM
/uSjr5HgmcHZsRGmh90znV2L5y97prYDwUqcEvcvdgHMN9vRICLL1btaDnOfCNyz
e/t1CsPFloz9i1iECMULcTt0lpDOBtetyAVFZjQNOprDtHFo3fLK/BxzExV042EM
s1YIfvvCCjEtfl/QwWtiaY6uCbI4H6VvRy8Q9gb891TrJm/uz/lHkGELHSZzj0hU
J5tR9KYYUsZl+K0gTw+iuLlyZRSGauGMZBiyaj0k3w82/2hUq7Er5IWuRf1ps4lR
JVhfO9zlrFGtKHDQ/6Rqmf4UuOEXywbFE/PgjMMwZCtR3mhGSpfTajD6YoAAmvwi
5248MCtRUmBpgBOtgwsPTvMIhlYSLqy3DMnSyLCtSfFQEXMjL22SgHF9HMN4sMVA
9qiiW880xQFVfd+0WsR5V0qji3wkzwiiEldf1OUSh3KPItUUebIx375GwJnpwyAs
szpXX5qaT6lPQADsE2SO0UDLpdJotWSahxi08KekBknwzR0LtKPNOt4Ti5sG9Jl6
JFH/uwnJdN/4i/nDwTwO90IG4/x9njv+ayeNCPlZ63DdIcPKkRhylKZiUIvLMwsI
JZfRxgWi/CHJEVWqU2uI86w3Men+kGHa6kZ3q3li6yzWhqddxGT+eWzqJHlqvoZM
AFIR6wQ5XncBdCK3rmU7pzWFjeq3oFDWmeoNV97hN3h1Rlgr5Jy7MZi7/kzej1LF
Oh87JdsDXrtTlvb1ZTD5NDBQLiQJI6k8tETpDmWPO2AQVtJOb/8+F88Rqs00m4n3
B1jOuSNWtC142VxJWufUMs427AJWH1ybddNOicDg5EGtyVKLHCNO+lYXrjdL/ef6
8d/lmGL1dLnJpszzDfGgdJgKqdace8oENQxQtrv8iXu2j0fg5ImFLy97pBanXng5
RqBgdXs3/3KFguX/AVnHCVXq8vcvQPjanLvcmYE9ClrZ/iXBd1yG3wnr75Zg89Ob
swluTV5uQWznWcTtYmTfL8hRjULIpqyx+FAHSyCFmkadKiDHm5Z9D8x9K1JQSjIr
MIlJCgE2S17o7gP+cFch9vIe33Tf/iYAwg5Aojp2yyLiotPDDgfUlrriVx1AjPav
Mo0D5u71/bDcq6JVLa/nHU86d4ltwy35uSBRLjIWz8wHRtXyDOXwZZsfnQKj/a7/
VWhmZZFPYDdrU30I9rqIIQQWnCOUgAayI7+RyKDzzVyOhY+tdlmmcBy1fJ7kGTb8
+Uc0Tvdwy7udDb3kiuli42n6sMWQtHltMLmk710QbTNkK06hFY+i5jM86fDVq55W
zucGt665jP3U7w+lhJ3sKwZ9onGY/TSp/1yInCQ4L+aVfYu8y1HecIJciGBmeCBh
+wSHDRcQJoBmax8BnIjelOwR4Jg+ii+7HOpolISXi68k4oUwUd5N+P+m3mqgZfdg
/FDtcXSrI0bQ8X9zXeWNk8h9Dcd5NwskT9dOHDFaTZi5JBdkYnaOuvO6BZXBC5Ai
q6aXKeT3opUA8OmF9aOqXBOeMl7RHz/5oT8EMy0InAn1fq79KafM0yHcNZjA7E7Z
j2RH9lVcaZ6qK0BcE4ONZaWZEa2z4kRZk1bsev62cicuWmOw1ByDZvfUSfbo+9HA
bfKaH4Ctg61GYMsuKPRX+AWDhJqphVkUXKvL2Ze950QMK3aAI3WAqvecVIcnOUwP
gcEGKATwhklc/IvUeExW6FO8iuDskgK7+IWPljjeMheAJCs66UclyyzcwqLnsNcm
+NSMDS6d/UUTomluUzeGtkf5lObPALp4yyyGLX6N7Fwj9g2fKYRIKUgOAwNE6Uem
iM/qXsEDSBP0O0sm5qs5J0Wj2c1IkSHcHBahnVWaK3t+kAfg2aHmv//bKexj6LEz
sertIShT+ZyyXnAnWNq6BCHO45w9dss3NvJtaqoRlSzSJ+O4csV1anhtM+V639Jl
3H8GaSOv8BOGa8yWQxVBtta0gVlqcKXLULnScEZmJXwEiYMVM6qg7EswIWgz6oRq
NuPtYuhrEOcm+AnXd5/nfhmvSWXmAwEjAoArTyTEBxziqSn2IPuk+GZr8QwV2fTW
acLb6jGp91qesaJZcmqGBhF/eJPz2E+3nHk2IQAI5pzAnG4If396Waly9AMlKh0N
gxsteHz2Z6PBKmKO8iuJt5XQ1MWQioSbQDu5xY+0ajZE0IXQWNKRUu9ldpejYMsn
4/kqPb4LTeEplfrcmiq2PsXE0yW935R9jrMQoI4LSUj6sgEL60JpfbpT2cx3BXhf
Rsg8Q5OItdlswlPmCuBoAp16fmf12dzgNtlDuNlElyGkmDe5K5ulCi0HaooaXaiI
bh4ncFIIzfIAbD7ailb3/v142WqB3TL0YACnDrMafMLyV8gM23gdULWNNFs9SH7W
3c2KNW9TMRthdMrXAnZLGL5JhZl3IeTt9e3svqihcwly0JjQTo5FbY8Vjk1756Ds
sw2hJY99Rc2GiPdVa2/NPzppQDhhuuy9mCUnvdOCKCakQGPOlXX1WaIY9XiGnNuH
SLMvTzQ1e8KbIBaLd2U/wq+4KUPlvyUgnt/3hHXn9ss4B4YBAMmybDF4GJiM2hfp
62KBVYwY5nMrmGu/H0RA4RwwLlw8fWpaBuA+aaKXwc1z2k5zadMqqtRXiUnxqq6v
+AOerPaZy/c7Ez7AvNAZe1H3P1pPGzI4jINIBzn8054ksGlhAuthPEKeJ65QGXND
6HZLqznH1t2p2u3ShcUpm52eiVpn77sEcMdB0Navglo2zIPwQWDpU2nvop8HAJW+
waAJgQMrvyNtxaaVowEv4b+dL7PKcRazhzi2MWbgTvnarMIDmixgZ1eI4jJX4kC3
N4+WIXJkfJGFJbTnaUkOLW1Wa01JiroB2W6cCt7pd9/ZkHF6nhXK4wLHvoXQ0pcb
Bl3e3nxvOR/uf1MSweK9gTz2Hd2Ef4/uJU2EQFvoQhIGCl4Nn5+Cm4ezbCQL9rGD
CPNihFuILrRrzfVlvN7TAL1GywnLVuBiJAUd+zcJbcQ9bhV/WAhvHWwpfns7FN0G
4YouIR7JBEPfkyohNNxUiCLs0YWcObywcKhgoSqLxvj8aNVGd7jAfX2y9emrvNpO
CJTVx0aVYSi8KX+8M6ndsB/DYw0DynJzdc+ZNozJ2QT1TWA6nbkhLWK+KxfrrMGf
agH8SmfZt9HD48KKvRVeI+Q4wuLBLPnJ0K1v2MQaNJ1hmoEV/IIX5iobktNzHGg0
rW1V+OY8mXyaHV8Yn30JrFng7PDlC8OepT8WWJa0GdxeyMBmo0iM6OnDLQYZvSXK
vqCv3f+MqPCBcEvzpX4xJY2bkaL16n0Az+sb1GC75kx3hNUzKWlwldqH0zwnkQvP
cnyIiW7AL8UoWpxWSnD6lB4eYTW0H/05/Ag4TG+/p0Cr5zasGvAKVcU3ncJbh9li
avdby6pAC74jkyL81aeLc80v4HX0pv+UssazE3m1nxFf9tnX0OmjpQYmRORaatSG
ZnIxnJ2xz8O+lrCD+D11ZE68xRP3KCz8D6ak5qKbMEhM66ti4w0mEPS6aRGpNmx1
iuEGSnkKQZDQrdW09pxyyfZ81isFgc1tTuZLBaaBBQ/ufGejpF92NgDAjJSGvNTa
pNVH3gLvU6YLeWBTFYtI3yprpn2xWgLQsxGah3vyiqFsVeHH85V1MCVJXekqxH7d
BhdmagNvy8nlh4ugS08/OmjqvUTmtq5pM66Vp0madG9JmL+nCbi06yiIFsBBAB2q
wPHyqllBxuRu+RNksJQCU3XMWLZmmQkcQNY/CRhVILurKuiAGtEUC9auwL+L8O5L
I2og9DyQDwIkhZF40T3SPPxABx4Dq5XEaog+UyF8JWVqhOWshnu//M8Pt4ByfJMo
uP5POxhFrQhDQqSe23X9WPAhNWL9/7s8gwTM7EGD5N3nhLmO26YaRya6h85bzUST
U05bMBvnckUm5ofzsWofoif1p2cOnNm8qjsgeZPCsNe7x4tk1eWsKK1oMUWp2uGF
0ZOMEP6x0Vmrpp/FJSN4gzCURG/R7ygTq0THdUOb7pi94RBczD34udU3dss2fJaz
1zFp1iSOxng1PcQH02x8brtwyUrck1e9Kgzt6gAolQL9PMzgaxtSt/orQ+7pfIqM
GLteOWUE0leW5ztoIALBJ+fJPk5nZgYJ1AvPWgn3bkHxlM9zu1Ih/WD3d77VJNBo
H6nsbDilpp/FV4BuwQSF/5xYf6H5PazjOcVoBvroMkSbRIoPK2z0QKdk6STKjJhT
hhcQtRb1EQgxbNvAGc6Wjc4oa1Bed6A3aYE2OB4Cn9jHHVyJOK/htqaslEDo4fFC
zwyOEyzMJUcVwLvriSfljw7tcnbkO6X7elXNt0sUwKLs9qn0KW4Vm24oQHGDD3GH
8gIguwCxJRTOLwH74aczyBNVkLOy3FR4aBcaCeJXJ8WqqSb5eNbECZQS27YPFrvw
7d32GE+cQZkzqNfqM4lXvSmCRtakuhTuj1QY+CpFhYG40POuOIb+1axtxo1ceSeZ
e/i5ADT8kETaC01ocE0iBz2p0yPRwqoGJeLvqs82u8gJMGgbUCD5i71ewQqFww3O
xUdsWiwP6h4MNN38erms5YG5aldAr4+199sLdsPuWqhC88QTlTO2XWY5iBf9CxD2
boe8VDSsPJO5ahK4QyUdxqBOvNfTM84/6Gzy381XPprWYD2UtRF/gD3Mk0YGPVoO
0nF7XGCIYip0CmDcKrF9yhExvMoAvLXKVmRjZ6NzU7+n5LVqkJ7Zt8YSl5RVK+t/
UNRJURBfY5iWX7arBGJn5/w3yVwoy2nKQ5GoN//90PuTSNl/I8awGvc/BpPb8HQX
OTpemuHy6WEzdhHxYDbBMIDey2Tia8WyjRP5rXbBWrTAfxS3+fGsywCrP49eHy3W
kYCwCCMAG2hVfg8dlrU+gqtZ+AWGq9jMPk16CXy0ktbUzkQTXjuUvAIRC2LMBffM
Z85P7Ox4TDPytFDI499X5IIqwQ2ra3gKwpA0wkd+auRZPejjz8e1j/P87lcfA3Ho
jCpWNK5SaeahdeMJ4TX0hYSeNBJq0tOIGk6IqNMIau5pJ6YPZL3qhIJyMYZxS+b7
BIhdQWMgnmKk0aCPVAFB8pqrzi0UEESJ31qagaiY8PpS2LyJfKVH383r/88aEsGD
rmrICcmcQDCcYPcmUbPvuh5/4E+m79RIVSLd2LwQTyZazxkLfojax41f+VVULW3d
sNgZu5eVTypYWSub7GBqRTwz2XTG9VN0aqWa6P/YIYBT2as0//MVQVTbP93Wb1SN
3mPfiy0Zx5++apZzDis/iKcZePbzLI0PpBPgXIng36IFADlKqoRl57bkQqvKK/DQ
4KA4vbRloqZScU/ZQWA+E5M97CLZkjWlHlirsXj+vooWyvxSKmiFHnDnKgQWx/CP
KxO/YI0OiWi13zgziLQm/txk4RXv4GUmmeh7i++pLBaGln+Fiizuhn7I0N+nESgy
asCw/lCRENMRgqpIB5ewETCsNNPsm96R7OOnXZzxuGj3x4JPv1HebhyBgBGu5ish
6g5HffVfC2lxatpUQeH12IrRr5qIASeqXjsAevjzDqndZ50jJ7+Bvu1s3T5zCWHU
E1/1jEVfpJfq3Sy9TTC+7C/usHjExwTFSuh133aTz33ws8+LkgopufQ/egq4XAR6
Zy4YYvviazbzCr0apb3gZygFJaf2tps8RjFmou35MhjHMwNLfr2g7KE2wJ46O5wy
27u3hGP4CsO5iRDgJ/FPyEs6LG7DHT3axBBY0u3+2oVLB73c7K53eFjoWeu5Iitd
Omts3nq2Jq27lU2tD+M5+/Yb0+ilDfm+w8iiFxwOGJGIhmkjI2hmrNNJtfhEqC8v
GayNR/IM88b2nJgfHzfSRHrH3Hn8HfKk59qamgF57GqSWd9BNQO2YQi7NkV/jr6u
IQ02fAkVOe+/Qk+8B2+CqPOTI43Z8yi67lzI+k9/Ke9VaWazXFpy1jW7xijxIKUK
POWL1Xv5RfDRLDjW28iA2Z/v0uwpZR9HApbu6vwSFh6s80gjoF5cb7+mhtlpJzJ2
qEQcXc1gRQmJgJG55LzPM+p+66UP7cLwIgJjRI+bCmNEaCuDTwBupcqT4xJyZ23T
3FP3Xmm4wjQlYbSnlh5BkVNR1KFLdd1S+ci0gfzE2Atfc15BIh8BmnuMcdyYeRte
3UNK5/R8qlK2Mzrkv1aYQ2/0LYXbnUf3eQmgcBS1Q97bwOrE6+kC9xCRiqozai6T
